// !$*UTF8*$!
{
	archiveVersion = 1;
	classes = {
	};
	objectVersion = 46;
	objects = {

/* Begin PBXBuildFile section */
		41B50E70193EFD0A0083179B /* Foundation.framework in Frameworks */ = {isa = PBXBuildFile; fileRef = 41B50E6F193EFD0A0083179B /* Foundation.framework */; };
		41B50E72193EFD0A0083179B /* CoreGraphics.framework in Frameworks */ = {isa = PBXBuildFile; fileRef = 41B50E71193EFD0A0083179B /* CoreGraphics.framework */; };
		41B50E74193EFD0A0083179B /* UIKit.framework in Frameworks */ = {isa = PBXBuildFile; fileRef = 41B50E73193EFD0A0083179B /* UIKit.framework */; };
		41B50E7A193EFD0A0083179B /* InfoPlist.strings in Resources */ = {isa = PBXBuildFile; fileRef = 41B50E78193EFD0A0083179B /* InfoPlist.strings */; };
		41B50E7C193EFD0A0083179B /* main.m in Sources */ = {isa = PBXBuildFile; fileRef = 41B50E7B193EFD0A0083179B /* main.m */; };
		41B50E80193EFD0A0083179B /* AppDelegate.m in Sources */ = {isa = PBXBuildFile; fileRef = 41B50E7F193EFD0A0083179B /* AppDelegate.m */; };
		41B50E83193EFD0A0083179B /* Main.storyboard in Resources */ = {isa = PBXBuildFile; fileRef = 41B50E81193EFD0A0083179B /* Main.storyboard */; };
		41B50E86193EFD0A0083179B /* ViewController.m in Sources */ = {isa = PBXBuildFile; fileRef = 41B50E85193EFD0A0083179B /* ViewController.m */; };
		41B50E88193EFD0A0083179B /* Images.xcassets in Resources */ = {isa = PBXBuildFile; fileRef = 41B50E87193EFD0A0083179B /* Images.xcassets */; };
		41B50E8F193EFD0B0083179B /* XCTest.framework in Frameworks */ = {isa = PBXBuildFile; fileRef = 41B50E8E193EFD0B0083179B /* XCTest.framework */; };
		41B50E90193EFD0B0083179B /* Foundation.framework in Frameworks */ = {isa = PBXBuildFile; fileRef = 41B50E6F193EFD0A0083179B /* Foundation.framework */; };
		41B50E91193EFD0B0083179B /* UIKit.framework in Frameworks */ = {isa = PBXBuildFile; fileRef = 41B50E73193EFD0A0083179B /* UIKit.framework */; };
		41B50E99193EFD0B0083179B /* InfoPlist.strings in Resources */ = {isa = PBXBuildFile; fileRef = 41B50E97193EFD0B0083179B /* InfoPlist.strings */; };
		41B50E9B193EFD0B0083179B /* tempProjTests.m in Sources */ = {isa = PBXBuildFile; fileRef = 41B50E9A193EFD0B0083179B /* tempProjTests.m */; };
/* End PBXBuildFile section */

/* Begin PBXContainerItemProxy section */
		41B50E92193EFD0B0083179B /* PBXContainerItemProxy */ = {
			isa = PBXContainerItemProxy;
			containerPortal = 41B50E64193EFD0A0083179B /* Project object */;
			proxyType = 1;
			remoteGlobalIDString = 41B50E6B193EFD0A0083179B;
			remoteInfo = tempProj;
		};
/* End PBXContainerItemProxy section */

/* Begin PBXFileReference section */
		41B50E6C193EFD0A0083179B /* tempProj.app */ = {isa = PBXFileReference; explicitFileType = wrapper.application; includeInIndex = 0; path = tempProj.app; sourceTree = BUILT_PRODUCTS_DIR; };
		41B50E6F193EFD0A0083179B /* Foundation.framework */ = {isa = PBXFileReference; lastKnownFileType = wrapper.framework; name = Foundation.framework; path = System/Library/Frameworks/Foundation.framework; sourceTree = SDKROOT; };
		41B50E71193EFD0A0083179B /* CoreGraphics.framework */ = {isa = PBXFileReference; lastKnownFileType = wrapper.framework; name = CoreGraphics.framework; path = System/Library/Frameworks/CoreGraphics.framework; sourceTree = SDKROOT; };
		41B50E73193EFD0A0083179B /* UIKit.framework */ = {isa = PBXFileReference; lastKnownFileType = wrapper.framework; name = UIKit.framework; path = System/Library/Frameworks/UIKit.framework; sourceTree = SDKROOT; };
		41B50E77193EFD0A0083179B /* tempProj-Info.plist */ = {isa = PBXFileReference; lastKnownFileType = text.plist.xml; path = "tempProj-Info.plist"; sourceTree = "<group>"; };
		41B50E79193EFD0A0083179B /* en */ = {isa = PBXFileReference; lastKnownFileType = text.plist.strings; name = en; path = en.lproj/InfoPlist.strings; sourceTree = "<group>"; };
		41B50E7B193EFD0A0083179B /* main.m */ = {isa = PBXFileReference; lastKnownFileType = sourcecode.c.objc; path = main.m; sourceTree = "<group>"; };
		41B50E7D193EFD0A0083179B /* tempProj-Prefix.pch */ = {isa = PBXFileReference; lastKnownFileType = sourcecode.c.h; path = "tempProj-Prefix.pch"; sourceTree = "<group>"; };
		41B50E7E193EFD0A0083179B /* AppDelegate.h */ = {isa = PBXFileReference; lastKnownFileType = sourcecode.c.h; path = AppDelegate.h; sourceTree = "<group>"; };
		41B50E7F193EFD0A0083179B /* AppDelegate.m */ = {isa = PBXFileReference; lastKnownFileType = sourcecode.c.objc; path = AppDelegate.m; sourceTree = "<group>"; };
		41B50E82193EFD0A0083179B /* Base */ = {isa = PBXFileReference; lastKnownFileType = file.storyboard; name = Base; path = Base.lproj/Main.storyboard; sourceTree = "<group>"; };
		41B50E84193EFD0A0083179B /* ViewController.h */ = {isa = PBXFileReference; lastKnownFileType = sourcecode.c.h; path = ViewController.h; sourceTree = "<group>"; };
		41B50E85193EFD0A0083179B /* ViewController.m */ = {isa = PBXFileReference; lastKnownFileType = sourcecode.c.objc; path = ViewController.m; sourceTree = "<group>"; };
		41B50E87193EFD0A0083179B /* Images.xcassets */ = {isa = PBXFileReference; lastKnownFileType = folder.assetcatalog; path = Images.xcassets; sourceTree = "<group>"; };
		41B50E8D193EFD0B0083179B /* tempProjTests.xctest */ = {isa = PBXFileReference; explicitFileType = wrapper.cfbundle; includeInIndex = 0; path = tempProjTests.xctest; sourceTree = BUILT_PRODUCTS_DIR; };
		41B50E8E193EFD0B0083179B /* XCTest.framework */ = {isa = PBXFileReference; lastKnownFileType = wrapper.framework; name = XCTest.framework; path = Library/Frameworks/XCTest.framework; sourceTree = DEVELOPER_DIR; };
		41B50E96193EFD0B0083179B /* tempProjTests-Info.plist */ = {isa = PBXFileReference; lastKnownFileType = text.plist.xml; path = "tempProjTests-Info.plist"; sourceTree = "<group>"; };
		41B50E98193EFD0B0083179B /* en */ = {isa = PBXFileReference; lastKnownFileType = text.plist.strings; name = en; path = en.lproj/InfoPlist.strings; sourceTree = "<group>"; };
		41B50E9A193EFD0B0083179B /* tempProjTests.m */ = {isa = PBXFileReference; lastKnownFileType = sourcecode.c.objc; path = tempProjTests.m; sourceTree = "<group>"; };
/* End PBXFileReference section */

/* Begin PBXFrameworksBuildPhase section */
		41B50E69193EFD0A0083179B /* Frameworks */ = {
			isa = PBXFrameworksBuildPhase;
			buildActionMask = 2147483647;
			files = (
				41B50E72193EFD0A0083179B /* CoreGraphics.framework in Frameworks */,
				41B50E74193EFD0A0083179B /* UIKit.framework in Frameworks */,
				41B50E70193EFD0A0083179B /* Foundation.framework in Frameworks */,
			);
			runOnlyForDeploymentPostprocessing = 0;
		};
		41B50E8A193EFD0B0083179B /* Frameworks */ = {
			isa = PBXFrameworksBuildPhase;
			buildActionMask = 2147483647;
			files = (
				41B50E8F193EFD0B0083179B /* XCTest.framework in Frameworks */,
				41B50E91193EFD0B0083179B /* UIKit.framework in Frameworks */,
				41B50E90193EFD0B0083179B /* Foundation.framework in Frameworks */,
			);
			runOnlyForDeploymentPostprocessing = 0;
		};
/* End PBXFrameworksBuildPhase section */

/* Begin PBXGroup section */
		41B50E63193EFD0A0083179B = {
			isa = PBXGroup;
			children = (
				41B50E75193EFD0A0083179B /* tempProj */,
				41B50E94193EFD0B0083179B /* tempProjTests */,
				41B50E6E193EFD0A0083179B /* Frameworks */,
				41B50E6D193EFD0A0083179B /* Products */,
			);
			sourceTree = "<group>";
		};
		41B50E6D193EFD0A0083179B /* Products */ = {
			isa = PBXGroup;
			children = (
				41B50E6C193EFD0A0083179B /* tempProj.app */,
				41B50E8D193EFD0B0083179B /* tempProjTests.xctest */,
			);
			name = Products;
			sourceTree = "<group>";
		};
		41B50E6E193EFD0A0083179B /* Frameworks */ = {
			isa = PBXGroup;
			children = (
				41B50E6F193EFD0A0083179B /* Foundation.framework */,
				41B50E71193EFD0A0083179B /* CoreGraphics.framework */,
				41B50E73193EFD0A0083179B /* UIKit.framework */,
				41B50E8E193EFD0B0083179B /* XCTest.framework */,
			);
			name = Frameworks;
			sourceTree = "<group>";
		};
		41B50E75193EFD0A0083179B /* tempProj */ = {
			isa = PBXGroup;
			children = (
				41B50E7E193EFD0A0083179B /* AppDelegate.h */,
				41B50E7F193EFD0A0083179B /* AppDelegate.m */,
				41B50E81193EFD0A0083179B /* Main.storyboard */,
				41B50E84193EFD0A0083179B /* ViewController.h */,
				41B50E85193EFD0A0083179B /* ViewController.m */,
				41B50E87193EFD0A0083179B /* Images.xcassets */,
				41B50E76193EFD0A0083179B /* Supporting Files */,
			);
			path = tempProj;
			sourceTree = "<group>";
		};
		41B50E76193EFD0A0083179B /* Supporting Files */ = {
			isa = PBXGroup;
			children = (
				41B50E77193EFD0A0083179B /* tempProj-Info.plist */,
				41B50E78193EFD0A0083179B /* InfoPlist.strings */,
				41B50E7B193EFD0A0083179B /* main.m */,
				41B50E7D193EFD0A0083179B /* tempProj-Prefix.pch */,
			);
			name = "Supporting Files";
			sourceTree = "<group>";
		};
		41B50E94193EFD0B0083179B /* tempProjTests */ = {
			isa = PBXGroup;
			children = (
				41B50E9A193EFD0B0083179B /* tempProjTests.m */,
				41B50E95193EFD0B0083179B /* Supporting Files */,
			);
			path = tempProjTests;
			sourceTree = "<group>";
		};
		41B50E95193EFD0B0083179B /* Supporting Files */ = {
			isa = PBXGroup;
			children = (
				41B50E96193EFD0B0083179B /* tempProjTests-Info.plist */,
				41B50E97193EFD0B0083179B /* InfoPlist.strings */,
			);
			name = "Supporting Files";
			sourceTree = "<group>";
		};
/* End PBXGroup section */

/* Begin PBXNativeTarget section */
		41B50E6B193EFD0A0083179B /* tempProj */ = {
			isa = PBXNativeTarget;
			buildConfigurationList = 41B50E9E193EFD0B0083179B /* Build configuration list for PBXNativeTarget "tempProj" */;
			buildPhases = (
				41B50E68193EFD0A0083179B /* Sources */,
				41B50E69193EFD0A0083179B /* Frameworks */,
				41B50E6A193EFD0A0083179B /* Resources */,
			);
			buildRules = (
			);
			dependencies = (
			);
			name = tempProj;
			productName = tempProj;
			productReference = 41B50E6C193EFD0A0083179B /* tempProj.app */;
			productType = "com.apple.product-type.application";
		};
		41B50E8C193EFD0B0083179B /* tempProjTests */ = {
			isa = PBXNativeTarget;
			buildConfigurationList = 41B50EA1193EFD0B0083179B /* Build configuration list for PBXNativeTarget "tempProjTests" */;
			buildPhases = (
				41B50E89193EFD0B0083179B /* Sources */,
				41B50E8A193EFD0B0083179B /* Frameworks */,
				41B50E8B193EFD0B0083179B /* Resources */,
			);
			buildRules = (
			);
			dependencies = (
				41B50E93193EFD0B0083179B /* PBXTargetDependency */,
			);
			name = tempProjTests;
			productName = tempProjTests;
			productReference = 41B50E8D193EFD0B0083179B /* tempProjTests.xctest */;
			productType = "com.apple.product-type.bundle.unit-test";
		};
/* End PBXNativeTarget section */

/* Begin PBXProject section */
		41B50E64193EFD0A0083179B /* Project object */ = {
			isa = PBXProject;
			attributes = {
				LastUpgradeCheck = 0510;
				ORGANIZATIONNAME = chinawit;
				TargetAttributes = {
					41B50E8C193EFD0B0083179B = {
						TestTargetID = 41B50E6B193EFD0A0083179B;
					};
				};
			};
			buildConfigurationList = 41B50E67193EFD0A0083179B /* Build configuration list for PBXProject "tempProj" */;
			compatibilityVersion = "Xcode 3.2";
			developmentRegion = English;
			hasScannedForEncodings = 0;
			knownRegions = (
				en,
				Base,
			);
			mainGroup = 41B50E63193EFD0A0083179B;
			productRefGroup = 41B50E6D193EFD0A0083179B /* Products */;
			projectDirPath = "";
			projectRoot = "";
			targets = (
				41B50E6B193EFD0A0083179B /* tempProj */,
				41B50E8C193EFD0B0083179B /* tempProjTests */,
			);
		};
/* End PBXProject section */

/* Begin PBXResourcesBuildPhase section */
		41B50E6A193EFD0A0083179B /* Resources */ = {
			isa = PBXResourcesBuildPhase;
			buildActionMask = 2147483647;
			files = (
				41B50E88193EFD0A0083179B /* Images.xcassets in Resources */,
				41B50E7A193EFD0A0083179B /* InfoPlist.strings in Resources */,
				41B50E83193EFD0A0083179B /* Main.storyboard in Resources */,
			);
			runOnlyForDeploymentPostprocessing = 0;
		};
		41B50E8B193EFD0B0083179B /* Resources */ = {
			isa = PBXResourcesBuildPhase;
			buildActionMask = 2147483647;
			files = (
				41B50E99193EFD0B0083179B /* InfoPlist.strings in Resources */,
			);
			runOnlyForDeploymentPostprocessing = 0;
		};
/* End PBXResourcesBuildPhase section */

/* Begin PBXSourcesBuildPhase section */
		41B50E68193EFD0A0083179B /* Sources */ = {
			isa = PBXSourcesBuildPhase;
			buildActionMask = 2147483647;
			files = (
				41B50E86193EFD0A0083179B /* ViewController.m in Sources */,
				41B50E80193EFD0A0083179B /* AppDelegate.m in Sources */,
				41B50E7C193EFD0A0083179B /* main.m in Sources */,
			);
			runOnlyForDeploymentPostprocessing = 0;
		};
		41B50E89193EFD0B0083179B /* Sources */ = {
			isa = PBXSourcesBuildPhase;
			buildActionMask = 2147483647;
			files = (
				41B50E9B193EFD0B0083179B /* tempProjTests.m in Sources */,
			);
			runOnlyForDeploymentPostprocessing = 0;
		};
/* End PBXSourcesBuildPhase section */

/* Begin PBXTargetDependency section */
		41B50E93193EFD0B0083179B /* PBXTargetDependency */ = {
			isa = PBXTargetDependency;
			target = 41B50E6B193EFD0A0083179B /* tempProj */;
			targetProxy = 41B50E92193EFD0B0083179B /* PBXContainerItemProxy */;
		};
/* End PBXTargetDependency section */

/* Begin PBXVariantGroup section */
		41B50E78193EFD0A0083179B /* InfoPlist.strings */ = {
			isa = PBXVariantGroup;
			children = (
				41B50E79193EFD0A0083179B /* en */,
			);
			name = InfoPlist.strings;
			sourceTree = "<group>";
		};
		41B50E81193EFD0A0083179B /* Main.storyboard */ = {
			isa = PBXVariantGroup;
			children = (
				41B50E82193EFD0A0083179B /* Base */,
			);
			name = Main.storyboard;
			sourceTree = "<group>";
		};
		41B50E97193EFD0B0083179B /* InfoPlist.strings */ = {
			isa = PBXVariantGroup;
			children = (
				41B50E98193EFD0B0083179B /* en */,
			);
			name = InfoPlist.strings;
			sourceTree = "<group>";
		};
/* End PBXVariantGroup section */

/* Begin XCBuildConfiguration section */
		41B50E9C193EFD0B0083179B /* Debug */ = {
			isa = XCBuildConfiguration;
			buildSettings = {
				ALWAYS_SEARCH_USER_PATHS = NO;
				CLANG_CXX_LANGUAGE_STANDARD = "gnu++0x";
				CLANG_CXX_LIBRARY = "libc++";
				CLANG_ENABLE_MODULES = YES;
				CLANG_ENABLE_OBJC_ARC = YES;
				CLANG_WARN_BOOL_CONVERSION = YES;
				CLANG_WARN_CONSTANT_CONVERSION = YES;
				CLANG_WARN_DIRECT_OBJC_ISA_USAGE = YES_ERROR;
				CLANG_WARN_EMPTY_BODY = YES;
				CLANG_WARN_ENUM_CONVERSION = YES;
				CLANG_WARN_INT_CONVERSION = YES;
				CLANG_WARN_OBJC_ROOT_CLASS = YES_ERROR;
				CLANG_WARN__DUPLICATE_METHOD_MATCH = YES;
				"CODE_SIGN_IDENTITY[sdk=iphoneos*]" = "iPhone Developer";
				COPY_PHASE_STRIP = NO;
				GCC_C_LANGUAGE_STANDARD = gnu99;
				GCC_DYNAMIC_NO_PIC = NO;
				GCC_OPTIMIZATION_LEVEL = 0;
				GCC_PREPROCESSOR_DEFINITIONS = (
					"DEBUG=1",
					"$(inherited)",
				);
				GCC_SYMBOLS_PRIVATE_EXTERN = NO;
				GCC_WARN_64_TO_32_BIT_CONVERSION = YES;
				GCC_WARN_ABOUT_RETURN_TYPE = YES_ERROR;
				GCC_WARN_UNDECLARED_SELECTOR = YES;
				GCC_WARN_UNINITIALIZED_AUTOS = YES_AGGRESSIVE;
				GCC_WARN_UNUSED_FUNCTION = YES;
				GCC_WARN_UNUSED_VARIABLE = YES;
				IPHONEOS_DEPLOYMENT_TARGET = 7.1;
				ONLY_ACTIVE_ARCH = YES;
				SDKROOT = iphoneos;
			};
			name = Debug;
		};
		41B50E9D193EFD0B0083179B /* Release */ = {
			isa = XCBuildConfiguration;
			buildSettings = {
				ALWAYS_SEARCH_USER_PATHS = NO;
				CLANG_CXX_LANGUAGE_STANDARD = "gnu++0x";
				CLANG_CXX_LIBRARY = "libc++";
				CLANG_ENABLE_MODULES = YES;
				CLANG_ENABLE_OBJC_ARC = YES;
				CLANG_WARN_BOOL_CONVERSION = YES;
				CLANG_WARN_CONSTANT_CONVERSION = YES;
				CLANG_WARN_DIRECT_OBJC_ISA_USAGE = YES_ERROR;
				CLANG_WARN_EMPTY_BODY = YES;
				CLANG_WARN_ENUM_CONVERSION = YES;
				CLANG_WARN_INT_CONVERSION = YES;
				CLANG_WARN_OBJC_ROOT_CLASS = YES_ERROR;
				CLANG_WARN__DUPLICATE_METHOD_MATCH = YES;
				"CODE_SIGN_IDENTITY[sdk=iphoneos*]" = "iPhone Developer";
				COPY_PHASE_STRIP = YES;
				ENABLE_NS_ASSERTIONS = NO;
				GCC_C_LANGUAGE_STANDARD = gnu99;
				GCC_WARN_64_TO_32_BIT_CONVERSION = YES;
				GCC_WARN_ABOUT_RETURN_TYPE = YES_ERROR;
				GCC_WARN_UNDECLARED_SELECTOR = YES;
				GCC_WARN_UNINITIALIZED_AUTOS = YES_AGGRESSIVE;
				GCC_WARN_UNUSED_FUNCTION = YES;
				GCC_WARN_UNUSED_VARIABLE = YES;
				IPHONEOS_DEPLOYMENT_TARGET = 7.1;
				SDKROOT = iphoneos;
				VALIDATE_PRODUCT = YES;
			};
			name = Release;
		};
		41B50E9F193EFD0B0083179B /* Debug */ = {
			isa = XCBuildConfiguration;
			buildSettings = {
				ASSETCATALOG_COMPILER_APPICON_NAME = AppIcon;
				ASSETCATALOG_COMPILER_LAUNCHIMAGE_NAME = LaunchImage;
				GCC_PRECOMPILE_PREFIX_HEADER = YES;
				GCC_PREFIX_HEADER = "tempProj/tempProj-Prefix.pch";
				INFOPLIST_FILE = "tempProj/tempProj-Info.plist";
				PRODUCT_NAME = "$(TARGET_NAME)";
				WRAPPER_EXTENSION = app;
			};
			name = Debug;
		};
		41B50EA0193EFD0B0083179B /* Release */ = {
			isa = XCBuildConfiguration;
			buildSettings = {
				ASSETCATALOG_COMPILER_APPICON_NAME = AppIcon;
				ASSETCATALOG_COMPILER_LAUNCHIMAGE_NAME = LaunchImage;
				GCC_PRECOMPILE_PREFIX_HEADER = YES;
				GCC_PREFIX_HEADER = "tempProj/tempProj-Prefix.pch";
				INFOPLIST_FILE = "tempProj/tempProj-Info.plist";
				PRODUCT_NAME = "$(TARGET_NAME)";
				WRAPPER_EXTENSION = app;
			};
			name = Release;
		};
		41B50EA2193EFD0B0083179B /* Debug */ = {
			isa = XCBuildConfiguration;
			buildSettings = {
				BUNDLE_LOADER = "$(BUILT_PRODUCTS_DIR)/tempProj.app/tempProj";
				FRAMEWORK_SEARCH_PATHS = (
					"$(SDKROOT)/Developer/Library/Frameworks",
					"$(inherited)",
					"$(DEVELOPER_FRAMEWORKS_DIR)",
				);
				GCC_PRECOMPILE_PREFIX_HEADER = YES;
				GCC_PREFIX_HEADER = "tempProj/tempProj-Prefix.pch";
				GCC_PREPROCESSOR_DEFINITIONS = (
					"DEBUG=1",
					"$(inherited)",
				);
				INFOPLIST_FILE = "tempProjTests/tempProjTests-Info.plist";
				PRODUCT_NAME = "$(TARGET_NAME)";
				TEST_HOST = "$(BUNDLE_LOADER)";
				WRAPPER_EXTENSION = xctest;
			};
			name = Debug;
		};
		41B50EA3193EFD0B0083179B /* Release */ = {
			isa = XCBuildConfiguration;
			buildSettings = {
				BUNDLE_LOADER = "$(BUILT_PRODUCTS_DIR)/tempProj.app/tempProj";
				FRAMEWORK_SEARCH_PATHS = (
					"$(SDKROOT)/Developer/Library/Frameworks",
					"$(inherited)",
					"$(DEVELOPER_FRAMEWORKS_DIR)",
				);
				GCC_PRECOMPILE_PREFIX_HEADER = YES;
				GCC_PREFIX_HEADER = "tempProj/tempProj-Prefix.pch";
				INFOPLIST_FILE = "tempProjTests/tempProjTests-Info.plist";
				PRODUCT_NAME = "$(TARGET_NAME)";
				TEST_HOST = "$(BUNDLE_LOADER)";
				WRAPPER_EXTENSION = xctest;
			};
			name = Release;
		};
/* End XCBuildConfiguration section */

/* Begin XCConfigurationList section */
		41B50E67193EFD0A0083179B /* Build configuration list for PBXProject "tempProj" */ = {
			isa = XCConfigurationList;
			buildConfigurations = (
				41B50E9C193EFD0B0083179B /* Debug */,
				41B50E9D193EFD0B0083179B /* Release */,
			);
			defaultConfigurationIsVisible = 0;
			defaultConfigurationName = Release;
		};
		41B50E9E193EFD0B0083179B /* Build configuration list for PBXNativeTarget "tempProj" */ = {
			isa = XCConfigurationList;
			buildConfigurations = (
				41B50E9F193EFD0B0083179B /* Debug */,
				41B50EA0193EFD0B0083179B /* Release */,
			);
			defaultConfigurationIsVisible = 0;
		};
		41B50EA1193EFD0B0083179B /* Build configuration list for PBXNativeTarget "tempProjTests" */ = {
			isa = XCConfigurationList;
			buildConfigurations = (
				41B50EA2193EFD0B0083179B /* Debug */,
				41B50EA3193EFD0B0083179B /* Release */,
			);
			defaultConfigurationIsVisible = 0;
		};
/* End XCConfigurationList section */
	};
	rootObject = 41B50E64193EFD0A0083179B /* Project object */;
}
